// !$*UTF8*$!
{
	archiveVersion = 1;
	classes = {
	};
	objectVersion = 46;
	objects = {

/* Begin PBXBuildFile section */
		26039A1A1EEC3BC4009D7198 /* SWLoginViewController.swift in Sources */ = {isa = PBXBuildFile; fileRef = 26039A191EEC3BC4009D7198 /* SWLoginViewController.swift */; };
		26039A1D1EEC3E5D009D7198 /* LoginManager.swift in Sources */ = {isa = PBXBuildFile; fileRef = 26039A1C1EEC3E5D009D7198 /* LoginManager.swift */; };
		26039A201EEC4996009D7198 /* FacebookManager.swift in Sources */ = {isa = PBXBuildFile; fileRef = 26039A1F1EEC4996009D7198 /* FacebookManager.swift */; };
		6A37C2201EEC2D5D002868A8 /* AppDelegate.swift in Sources */ = {isa = PBXBuildFile; fileRef = 6A37C21F1EEC2D5D002868A8 /* AppDelegate.swift */; };
		6A37C2251EEC2D5D002868A8 /* Main.storyboard in Resources */ = {isa = PBXBuildFile; fileRef = 6A37C2231EEC2D5D002868A8 /* Main.storyboard */; };
		6A37C2281EEC2D5D002868A8 /* Swipeless.xcdatamodeld in Sources */ = {isa = PBXBuildFile; fileRef = 6A37C2261EEC2D5D002868A8 /* Swipeless.xcdatamodeld */; };
		6A37C22A1EEC2D5D002868A8 /* Assets.xcassets in Resources */ = {isa = PBXBuildFile; fileRef = 6A37C2291EEC2D5D002868A8 /* Assets.xcassets */; };
		6A37C22D1EEC2D5D002868A8 /* LaunchScreen.storyboard in Resources */ = {isa = PBXBuildFile; fileRef = 6A37C22B1EEC2D5D002868A8 /* LaunchScreen.storyboard */; };
		6A37C2381EEC2D5D002868A8 /* SwipelessTests.swift in Sources */ = {isa = PBXBuildFile; fileRef = 6A37C2371EEC2D5D002868A8 /* SwipelessTests.swift */; };
		6A37C24B1EEC5050002868A8 /* VideoManager.swift in Sources */ = {isa = PBXBuildFile; fileRef = 6A37C24A1EEC5050002868A8 /* VideoManager.swift */; };
		6A37C24D1EEC613A002868A8 /* SWPresentationViewController.swift in Sources */ = {isa = PBXBuildFile; fileRef = 6A37C24C1EEC613A002868A8 /* SWPresentationViewController.swift */; };
		8EC9CEB5029207D64998B84C /* Pods_Swipeless.framework in Frameworks */ = {isa = PBXBuildFile; fileRef = 54EA52A9FE6F51D2F672FFED /* Pods_Swipeless.framework */; };
		C3AFB0C8CDDEAE8B19187E2A /* Pods_SwipelessTests.framework in Frameworks */ = {isa = PBXBuildFile; fileRef = E3AD7BFF3E39E29594DD9D1D /* Pods_SwipelessTests.framework */; };
/* End PBXBuildFile section */

/* Begin PBXContainerItemProxy section */
		6A37C2341EEC2D5D002868A8 /* PBXContainerItemProxy */ = {
			isa = PBXContainerItemProxy;
			containerPortal = 6A37C2141EEC2D5D002868A8 /* Project object */;
			proxyType = 1;
			remoteGlobalIDString = 6A37C21B1EEC2D5D002868A8;
			remoteInfo = Swipeless;
		};
/* End PBXContainerItemProxy section */

/* Begin PBXFileReference section */
		26039A191EEC3BC4009D7198 /* SWLoginViewController.swift */ = {isa = PBXFileReference; fileEncoding = 4; lastKnownFileType = sourcecode.swift; path = SWLoginViewController.swift; sourceTree = "<group>"; };
		26039A1C1EEC3E5D009D7198 /* LoginManager.swift */ = {isa = PBXFileReference; fileEncoding = 4; lastKnownFileType = sourcecode.swift; path = LoginManager.swift; sourceTree = "<group>"; };
		26039A1E1EEC4945009D7198 /* Swipeless.entitlements */ = {isa = PBXFileReference; lastKnownFileType = text.plist.entitlements; path = Swipeless.entitlements; sourceTree = "<group>"; };
		26039A1F1EEC4996009D7198 /* FacebookManager.swift */ = {isa = PBXFileReference; fileEncoding = 4; lastKnownFileType = sourcecode.swift; path = FacebookManager.swift; sourceTree = "<group>"; };
		3266B6F96BA36D2E053150F8 /* Pods-SwipelessTests.release.xcconfig */ = {isa = PBXFileReference; includeInIndex = 1; lastKnownFileType = text.xcconfig; name = "Pods-SwipelessTests.release.xcconfig"; path = "Pods/Target Support Files/Pods-SwipelessTests/Pods-SwipelessTests.release.xcconfig"; sourceTree = "<group>"; };
		54EA52A9FE6F51D2F672FFED /* Pods_Swipeless.framework */ = {isa = PBXFileReference; explicitFileType = wrapper.framework; includeInIndex = 0; path = Pods_Swipeless.framework; sourceTree = BUILT_PRODUCTS_DIR; };
		6A37C21C1EEC2D5D002868A8 /* Swipeless.app */ = {isa = PBXFileReference; explicitFileType = wrapper.application; includeInIndex = 0; path = Swipeless.app; sourceTree = BUILT_PRODUCTS_DIR; };
		6A37C21F1EEC2D5D002868A8 /* AppDelegate.swift */ = {isa = PBXFileReference; lastKnownFileType = sourcecode.swift; path = AppDelegate.swift; sourceTree = "<group>"; };
		6A37C2241EEC2D5D002868A8 /* Base */ = {isa = PBXFileReference; lastKnownFileType = file.storyboard; name = Base; path = Base.lproj/Main.storyboard; sourceTree = "<group>"; };
		6A37C2271EEC2D5D002868A8 /* Swipeless.xcdatamodel */ = {isa = PBXFileReference; lastKnownFileType = wrapper.xcdatamodel; path = Swipeless.xcdatamodel; sourceTree = "<group>"; };
		6A37C2291EEC2D5D002868A8 /* Assets.xcassets */ = {isa = PBXFileReference; lastKnownFileType = folder.assetcatalog; path = Assets.xcassets; sourceTree = "<group>"; };
		6A37C22C1EEC2D5D002868A8 /* Base */ = {isa = PBXFileReference; lastKnownFileType = file.storyboard; name = Base; path = Base.lproj/LaunchScreen.storyboard; sourceTree = "<group>"; };
		6A37C22E1EEC2D5D002868A8 /* Info.plist */ = {isa = PBXFileReference; lastKnownFileType = text.plist.xml; path = Info.plist; sourceTree = "<group>"; };
		6A37C2331EEC2D5D002868A8 /* SwipelessTests.xctest */ = {isa = PBXFileReference; explicitFileType = wrapper.cfbundle; includeInIndex = 0; path = SwipelessTests.xctest; sourceTree = BUILT_PRODUCTS_DIR; };
		6A37C2371EEC2D5D002868A8 /* SwipelessTests.swift */ = {isa = PBXFileReference; lastKnownFileType = sourcecode.swift; path = SwipelessTests.swift; sourceTree = "<group>"; };
		6A37C2391EEC2D5D002868A8 /* Info.plist */ = {isa = PBXFileReference; lastKnownFileType = text.plist.xml; path = Info.plist; sourceTree = "<group>"; };
		6A37C24A1EEC5050002868A8 /* VideoManager.swift */ = {isa = PBXFileReference; fileEncoding = 4; lastKnownFileType = sourcecode.swift; path = VideoManager.swift; sourceTree = "<group>"; };
		6A37C24C1EEC613A002868A8 /* SWPresentationViewController.swift */ = {isa = PBXFileReference; fileEncoding = 4; lastKnownFileType = sourcecode.swift; path = SWPresentationViewController.swift; sourceTree = "<group>"; };
		99039488723238468B1BCCF0 /* Pods-Swipeless.debug.xcconfig */ = {isa = PBXFileReference; includeInIndex = 1; lastKnownFileType = text.xcconfig; name = "Pods-Swipeless.debug.xcconfig"; path = "Pods/Target Support Files/Pods-Swipeless/Pods-Swipeless.debug.xcconfig"; sourceTree = "<group>"; };
		A34729F1C01802AF035FC58D /* Pods-Swipeless.release.xcconfig */ = {isa = PBXFileReference; includeInIndex = 1; lastKnownFileType = text.xcconfig; name = "Pods-Swipeless.release.xcconfig"; path = "Pods/Target Support Files/Pods-Swipeless/Pods-Swipeless.release.xcconfig"; sourceTree = "<group>"; };
		E3AD7BFF3E39E29594DD9D1D /* Pods_SwipelessTests.framework */ = {isa = PBXFileReference; explicitFileType = wrapper.framework; includeInIndex = 0; path = Pods_SwipelessTests.framework; sourceTree = BUILT_PRODUCTS_DIR; };
		EE8AA47E871BF37C68B99BA0 /* Pods-SwipelessTests.debug.xcconfig */ = {isa = PBXFileReference; includeInIndex = 1; lastKnownFileType = text.xcconfig; name = "Pods-SwipelessTests.debug.xcconfig"; path = "Pods/Target Support Files/Pods-SwipelessTests/Pods-SwipelessTests.debug.xcconfig"; sourceTree = "<group>"; };
/* End PBXFileReference section */

/* Begin PBXFrameworksBuildPhase section */
		6A37C2191EEC2D5D002868A8 /* Frameworks */ = {
			isa = PBXFrameworksBuildPhase;
			buildActionMask = 2147483647;
			files = (
				8EC9CEB5029207D64998B84C /* Pods_Swipeless.framework in Frameworks */,
			);
			runOnlyForDeploymentPostprocessing = 0;
		};
		6A37C2301EEC2D5D002868A8 /* Frameworks */ = {
			isa = PBXFrameworksBuildPhase;
			buildActionMask = 2147483647;
			files = (
				C3AFB0C8CDDEAE8B19187E2A /* Pods_SwipelessTests.framework in Frameworks */,
			);
			runOnlyForDeploymentPostprocessing = 0;
		};
/* End PBXFrameworksBuildPhase section */

/* Begin PBXGroup section */
		26039A1B1EEC3E47009D7198 /* Singletons */ = {
			isa = PBXGroup;
			children = (
				26039A1C1EEC3E5D009D7198 /* LoginManager.swift */,
				26039A1F1EEC4996009D7198 /* FacebookManager.swift */,
			);
			name = Singletons;
			sourceTree = "<group>";
		};
		6A37C2131EEC2D5D002868A8 = {
			isa = PBXGroup;
			children = (
				6A37C21E1EEC2D5D002868A8 /* Swipeless */,
				6A37C2361EEC2D5D002868A8 /* SwipelessTests */,
				6A37C21D1EEC2D5D002868A8 /* Products */,
				BE3908F45445F31B9E64BA37 /* Pods */,
				A7581221CEED95FCA46AEEBE /* Frameworks */,
			);
			sourceTree = "<group>";
		};
		6A37C21D1EEC2D5D002868A8 /* Products */ = {
			isa = PBXGroup;
			children = (
				6A37C21C1EEC2D5D002868A8 /* Swipeless.app */,
				6A37C2331EEC2D5D002868A8 /* SwipelessTests.xctest */,
			);
			name = Products;
			sourceTree = "<group>";
		};
		6A37C21E1EEC2D5D002868A8 /* Swipeless */ = {
			isa = PBXGroup;
			children = (
				6A37C24E1EEC634A002868A8 /* Categories */,
				26039A1E1EEC4945009D7198 /* Swipeless.entitlements */,
				6A37C2491EEC5037002868A8 /* Singletons */,
				6A37C21F1EEC2D5D002868A8 /* AppDelegate.swift */,
				26039A1B1EEC3E47009D7198 /* Singletons */,
				6A37C2451EEC3A5E002868A8 /* Storyboards */,
				6A37C2441EEC3A4B002868A8 /* Controllers */,
				6A37C2421EEC3A3B002868A8 /* Models */,
				6A37C2431EEC3A46002868A8 /* Views */,
				6A37C2461EEC3A76002868A8 /* Resources */,
				6A37C22E1EEC2D5D002868A8 /* Info.plist */,
			);
			path = Swipeless;
			sourceTree = "<group>";
		};
		6A37C2361EEC2D5D002868A8 /* SwipelessTests */ = {
			isa = PBXGroup;
			children = (
				6A37C2371EEC2D5D002868A8 /* SwipelessTests.swift */,
				6A37C2391EEC2D5D002868A8 /* Info.plist */,
			);
			path = SwipelessTests;
			sourceTree = "<group>";
		};
		6A37C2421EEC3A3B002868A8 /* Models */ = {
			isa = PBXGroup;
			children = (
				6A37C2261EEC2D5D002868A8 /* Swipeless.xcdatamodeld */,
			);
			name = Models;
			sourceTree = "<group>";
		};
		6A37C2431EEC3A46002868A8 /* Views */ = {
			isa = PBXGroup;
			children = (
			);
			name = Views;
			sourceTree = "<group>";
		};
		6A37C2441EEC3A4B002868A8 /* Controllers */ = {
			isa = PBXGroup;
			children = (
				26039A191EEC3BC4009D7198 /* SWLoginViewController.swift */,
				6A37C24C1EEC613A002868A8 /* SWPresentationViewController.swift */,
			);
			name = Controllers;
			sourceTree = "<group>";
		};
		6A37C2451EEC3A5E002868A8 /* Storyboards */ = {
			isa = PBXGroup;
			children = (
				6A37C2231EEC2D5D002868A8 /* Main.storyboard */,
				6A37C22B1EEC2D5D002868A8 /* LaunchScreen.storyboard */,
			);
			name = Storyboards;
			sourceTree = "<group>";
		};
		6A37C2461EEC3A76002868A8 /* Resources */ = {
			isa = PBXGroup;
			children = (
				6A37C2291EEC2D5D002868A8 /* Assets.xcassets */,
			);
			name = Resources;
			sourceTree = "<group>";
		};
		6A37C2491EEC5037002868A8 /* Singletons */ = {
			isa = PBXGroup;
			children = (
				6A37C24A1EEC5050002868A8 /* VideoManager.swift */,
			);
			name = Singletons;
			sourceTree = "<group>";
		};
		6A37C24E1EEC634A002868A8 /* Categories */ = {
			isa = PBXGroup;
			children = (
			);
			name = Categories;
			sourceTree = "<group>";
		};
		A7581221CEED95FCA46AEEBE /* Frameworks */ = {
			isa = PBXGroup;
			children = (
				54EA52A9FE6F51D2F672FFED /* Pods_Swipeless.framework */,
				E3AD7BFF3E39E29594DD9D1D /* Pods_SwipelessTests.framework */,
			);
			name = Frameworks;
			sourceTree = "<group>";
		};
		BE3908F45445F31B9E64BA37 /* Pods */ = {
			isa = PBXGroup;
			children = (
				99039488723238468B1BCCF0 /* Pods-Swipeless.debug.xcconfig */,
				A34729F1C01802AF035FC58D /* Pods-Swipeless.release.xcconfig */,
				EE8AA47E871BF37C68B99BA0 /* Pods-SwipelessTests.debug.xcconfig */,
				3266B6F96BA36D2E053150F8 /* Pods-SwipelessTests.release.xcconfig */,
			);
			name = Pods;
			sourceTree = "<group>";
		};
/* End PBXGroup section */

/* Begin PBXNativeTarget section */
		6A37C21B1EEC2D5D002868A8 /* Swipeless */ = {
			isa = PBXNativeTarget;
			buildConfigurationList = 6A37C23C1EEC2D5D002868A8 /* Build configuration list for PBXNativeTarget "Swipeless" */;
			buildPhases = (
				AC6FC6608E5C068F82378483 /* [CP] Check Pods Manifest.lock */,
				6A37C2181EEC2D5D002868A8 /* Sources */,
				6A37C2191EEC2D5D002868A8 /* Frameworks */,
				6A37C21A1EEC2D5D002868A8 /* Resources */,
				2F8A9D4C1188E5215050C009 /* [CP] Embed Pods Frameworks */,
				4E4E47AFCD7D65DB9F110A1D /* [CP] Copy Pods Resources */,
			);
			buildRules = (
			);
			dependencies = (
			);
			name = Swipeless;
			productName = Swipeless;
			productReference = 6A37C21C1EEC2D5D002868A8 /* Swipeless.app */;
			productType = "com.apple.product-type.application";
		};
		6A37C2321EEC2D5D002868A8 /* SwipelessTests */ = {
			isa = PBXNativeTarget;
			buildConfigurationList = 6A37C23F1EEC2D5D002868A8 /* Build configuration list for PBXNativeTarget "SwipelessTests" */;
			buildPhases = (
				68C713CE5629F2A5CA29B58B /* [CP] Check Pods Manifest.lock */,
				6A37C22F1EEC2D5D002868A8 /* Sources */,
				6A37C2301EEC2D5D002868A8 /* Frameworks */,
				6A37C2311EEC2D5D002868A8 /* Resources */,
				F0654FFECA6EFC7AEC3A2A6B /* [CP] Embed Pods Frameworks */,
				4CD75DFBFBB65581E849CEE1 /* [CP] Copy Pods Resources */,
			);
			buildRules = (
			);
			dependencies = (
				6A37C2351EEC2D5D002868A8 /* PBXTargetDependency */,
			);
			name = SwipelessTests;
			productName = SwipelessTests;
			productReference = 6A37C2331EEC2D5D002868A8 /* SwipelessTests.xctest */;
			productType = "com.apple.product-type.bundle.unit-test";
		};
/* End PBXNativeTarget section */

/* Begin PBXProject section */
		6A37C2141EEC2D5D002868A8 /* Project object */ = {
			isa = PBXProject;
			attributes = {
				LastSwiftUpdateCheck = 0830;
				LastUpgradeCheck = 0830;
				ORGANIZATIONNAME = "Silver Logic";
				TargetAttributes = {
					6A37C21B1EEC2D5D002868A8 = {
						CreatedOnToolsVersion = 8.3.3;
						DevelopmentTeam = 4SB3F2S2K3;
						ProvisioningStyle = Automatic;
						SystemCapabilities = {
							com.apple.Keychain = {
								enabled = 1;
							};
						};
					};
					6A37C2321EEC2D5D002868A8 = {
						CreatedOnToolsVersion = 8.3.3;
						DevelopmentTeam = 4SB3F2S2K3;
						ProvisioningStyle = Automatic;
						TestTargetID = 6A37C21B1EEC2D5D002868A8;
					};
				};
			};
			buildConfigurationList = 6A37C2171EEC2D5D002868A8 /* Build configuration list for PBXProject "Swipeless" */;
			compatibilityVersion = "Xcode 3.2";
			developmentRegion = English;
			hasScannedForEncodings = 0;
			knownRegions = (
				en,
				Base,
			);
			mainGroup = 6A37C2131EEC2D5D002868A8;
			productRefGroup = 6A37C21D1EEC2D5D002868A8 /* Products */;
			projectDirPath = "";
			projectRoot = "";
			targets = (
				6A37C21B1EEC2D5D002868A8 /* Swipeless */,
				6A37C2321EEC2D5D002868A8 /* SwipelessTests */,
			);
		};
/* End PBXProject section */

/* Begin PBXResourcesBuildPhase section */
		6A37C21A1EEC2D5D002868A8 /* Resources */ = {
			isa = PBXResourcesBuildPhase;
			buildActionMask = 2147483647;
			files = (
				6A37C22D1EEC2D5D002868A8 /* LaunchScreen.storyboard in Resources */,
				6A37C22A1EEC2D5D002868A8 /* Assets.xcassets in Resources */,
				6A37C2251EEC2D5D002868A8 /* Main.storyboard in Resources */,
			);
			runOnlyForDeploymentPostprocessing = 0;
		};
		6A37C2311EEC2D5D002868A8 /* Resources */ = {
			isa = PBXResourcesBuildPhase;
			buildActionMask = 2147483647;
			files = (
			);
			runOnlyForDeploymentPostprocessing = 0;
		};
/* End PBXResourcesBuildPhase section */

/* Begin PBXShellScriptBuildPhase section */
		2F8A9D4C1188E5215050C009 /* [CP] Embed Pods Frameworks */ = {
			isa = PBXShellScriptBuildPhase;
			buildActionMask = 2147483647;
			files = (
			);
			inputPaths = (
			);
			name = "[CP] Embed Pods Frameworks";
			outputPaths = (
			);
			runOnlyForDeploymentPostprocessing = 0;
			shellPath = /bin/sh;
			shellScript = "\"${SRCROOT}/Pods/Target Support Files/Pods-Swipeless/Pods-Swipeless-frameworks.sh\"\n";
			showEnvVarsInLog = 0;
		};
		4CD75DFBFBB65581E849CEE1 /* [CP] Copy Pods Resources */ = {
			isa = PBXShellScriptBuildPhase;
			buildActionMask = 2147483647;
			files = (
			);
			inputPaths = (
			);
			name = "[CP] Copy Pods Resources";
			outputPaths = (
			);
			runOnlyForDeploymentPostprocessing = 0;
			shellPath = /bin/sh;
			shellScript = "\"${SRCROOT}/Pods/Target Support Files/Pods-SwipelessTests/Pods-SwipelessTests-resources.sh\"\n";
			showEnvVarsInLog = 0;
		};
		4E4E47AFCD7D65DB9F110A1D /* [CP] Copy Pods Resources */ = {
			isa = PBXShellScriptBuildPhase;
			buildActionMask = 2147483647;
			files = (
			);
			inputPaths = (
			);
			name = "[CP] Copy Pods Resources";
			outputPaths = (
			);
			runOnlyForDeploymentPostprocessing = 0;
			shellPath = /bin/sh;
			shellScript = "\"${SRCROOT}/Pods/Target Support Files/Pods-Swipeless/Pods-Swipeless-resources.sh\"\n";
			showEnvVarsInLog = 0;
		};
		68C713CE5629F2A5CA29B58B /* [CP] Check Pods Manifest.lock */ = {
			isa = PBXShellScriptBuildPhase;
			buildActionMask = 2147483647;
			files = (
			);
			inputPaths = (
			);
			name = "[CP] Check Pods Manifest.lock";
			outputPaths = (
			);
			runOnlyForDeploymentPostprocessing = 0;
			shellPath = /bin/sh;
			shellScript = "diff \"${PODS_PODFILE_DIR_PATH}/Podfile.lock\" \"${PODS_ROOT}/Manifest.lock\" > /dev/null\nif [ $? != 0 ] ; then\n    # print error to STDERR\n    echo \"error: The sandbox is not in sync with the Podfile.lock. Run 'pod install' or update your CocoaPods installation.\" >&2\n    exit 1\nfi\n";
			showEnvVarsInLog = 0;
		};
		AC6FC6608E5C068F82378483 /* [CP] Check Pods Manifest.lock */ = {
			isa = PBXShellScriptBuildPhase;
			buildActionMask = 2147483647;
			files = (
			);
			inputPaths = (
			);
			name = "[CP] Check Pods Manifest.lock";
			outputPaths = (
			);
			runOnlyForDeploymentPostprocessing = 0;
			shellPath = /bin/sh;
			shellScript = "diff \"${PODS_PODFILE_DIR_PATH}/Podfile.lock\" \"${PODS_ROOT}/Manifest.lock\" > /dev/null\nif [ $? != 0 ] ; then\n    # print error to STDERR\n    echo \"error: The sandbox is not in sync with the Podfile.lock. Run 'pod install' or update your CocoaPods installation.\" >&2\n    exit 1\nfi\n";
			showEnvVarsInLog = 0;
		};
		F0654FFECA6EFC7AEC3A2A6B /* [CP] Embed Pods Frameworks */ = {
			isa = PBXShellScriptBuildPhase;
			buildActionMask = 2147483647;
			files = (
			);
			inputPaths = (
			);
			name = "[CP] Embed Pods Frameworks";
			outputPaths = (
			);
			runOnlyForDeploymentPostprocessing = 0;
			shellPath = /bin/sh;
			shellScript = "\"${SRCROOT}/Pods/Target Support Files/Pods-SwipelessTests/Pods-SwipelessTests-frameworks.sh\"\n";
			showEnvVarsInLog = 0;
		};
/* End PBXShellScriptBuildPhase section */

/* Begin PBXSourcesBuildPhase section */
		6A37C2181EEC2D5D002868A8 /* Sources */ = {
			isa = PBXSourcesBuildPhase;
			buildActionMask = 2147483647;
			files = (
				26039A1A1EEC3BC4009D7198 /* SWLoginViewController.swift in Sources */,
				6A37C24D1EEC613A002868A8 /* SWPresentationViewController.swift in Sources */,
				26039A1D1EEC3E5D009D7198 /* LoginManager.swift in Sources */,
				26039A201EEC4996009D7198 /* FacebookManager.swift in Sources */,
				6A37C2281EEC2D5D002868A8 /* Swipeless.xcdatamodeld in Sources */,
				6A37C2201EEC2D5D002868A8 /* AppDelegate.swift in Sources */,
				6A37C24B1EEC5050002868A8 /* VideoManager.swift in Sources */,
			);
			runOnlyForDeploymentPostprocessing = 0;
		};
		6A37C22F1EEC2D5D002868A8 /* Sources */ = {
			isa = PBXSourcesBuildPhase;
			buildActionMask = 2147483647;
			files = (
				6A37C2381EEC2D5D002868A8 /* SwipelessTests.swift in Sources */,
			);
			runOnlyForDeploymentPostprocessing = 0;
		};
/* End PBXSourcesBuildPhase section */

/* Begin PBXTargetDependency section */
		6A37C2351EEC2D5D002868A8 /* PBXTargetDependency */ = {
			isa = PBXTargetDependency;
			target = 6A37C21B1EEC2D5D002868A8 /* Swipeless */;
			targetProxy = 6A37C2341EEC2D5D002868A8 /* PBXContainerItemProxy */;
		};
/* End PBXTargetDependency section */

/* Begin PBXVariantGroup section */
		6A37C2231EEC2D5D002868A8 /* Main.storyboard */ = {
			isa = PBXVariantGroup;
			children = (
				6A37C2241EEC2D5D002868A8 /* Base */,
			);
			name = Main.storyboard;
			sourceTree = "<group>";
		};
		6A37C22B1EEC2D5D002868A8 /* LaunchScreen.storyboard */ = {
			isa = PBXVariantGroup;
			children = (
				6A37C22C1EEC2D5D002868A8 /* Base */,
			);
			name = LaunchScreen.storyboard;
			sourceTree = "<group>";
		};
/* End PBXVariantGroup section */

/* Begin XCBuildConfiguration section */
		6A37C23A1EEC2D5D002868A8 /* Debug */ = {
			isa = XCBuildConfiguration;
			buildSettings = {
				ALWAYS_SEARCH_USER_PATHS = NO;
				CLANG_ANALYZER_NONNULL = YES;
				CLANG_ANALYZER_NUMBER_OBJECT_CONVERSION = YES_AGGRESSIVE;
				CLANG_CXX_LANGUAGE_STANDARD = "gnu++0x";
				CLANG_CXX_LIBRARY = "libc++";
				CLANG_ENABLE_MODULES = YES;
				CLANG_ENABLE_OBJC_ARC = YES;
				CLANG_WARN_BOOL_CONVERSION = YES;
				CLANG_WARN_CONSTANT_CONVERSION = YES;
				CLANG_WARN_DIRECT_OBJC_ISA_USAGE = YES_ERROR;
				CLANG_WARN_DOCUMENTATION_COMMENTS = YES;
				CLANG_WARN_EMPTY_BODY = YES;
				CLANG_WARN_ENUM_CONVERSION = YES;
				CLANG_WARN_INFINITE_RECURSION = YES;
				CLANG_WARN_INT_CONVERSION = YES;
				CLANG_WARN_OBJC_ROOT_CLASS = YES_ERROR;
				CLANG_WARN_SUSPICIOUS_MOVE = YES;
				CLANG_WARN_UNREACHABLE_CODE = YES;
				CLANG_WARN__DUPLICATE_METHOD_MATCH = YES;
				"CODE_SIGN_IDENTITY[sdk=iphoneos*]" = "iPhone Developer";
				COPY_PHASE_STRIP = NO;
				DEBUG_INFORMATION_FORMAT = dwarf;
				ENABLE_STRICT_OBJC_MSGSEND = YES;
				ENABLE_TESTABILITY = YES;
				GCC_C_LANGUAGE_STANDARD = gnu99;
				GCC_DYNAMIC_NO_PIC = NO;
				GCC_NO_COMMON_BLOCKS = YES;
				GCC_OPTIMIZATION_LEVEL = 0;
				GCC_PREPROCESSOR_DEFINITIONS = (
					"DEBUG=1",
					"$(inherited)",
				);
				GCC_WARN_64_TO_32_BIT_CONVERSION = YES;
				GCC_WARN_ABOUT_RETURN_TYPE = YES_ERROR;
				GCC_WARN_UNDECLARED_SELECTOR = YES;
				GCC_WARN_UNINITIALIZED_AUTOS = YES_AGGRESSIVE;
				GCC_WARN_UNUSED_FUNCTION = YES;
				GCC_WARN_UNUSED_VARIABLE = YES;
				IPHONEOS_DEPLOYMENT_TARGET = 10.3;
				MTL_ENABLE_DEBUG_INFO = YES;
				ONLY_ACTIVE_ARCH = YES;
				SDKROOT = iphoneos;
				SWIFT_ACTIVE_COMPILATION_CONDITIONS = DEBUG;
				SWIFT_OPTIMIZATION_LEVEL = "-Onone";
			};
			name = Debug;
		};
		6A37C23B1EEC2D5D002868A8 /* Release */ = {
			isa = XCBuildConfiguration;
			buildSettings = {
				ALWAYS_SEARCH_USER_PATHS = NO;
				CLANG_ANALYZER_NONNULL = YES;
				CLANG_ANALYZER_NUMBER_OBJECT_CONVERSION = YES_AGGRESSIVE;
				CLANG_CXX_LANGUAGE_STANDARD = "gnu++0x";
				CLANG_CXX_LIBRARY = "libc++";
				CLANG_ENABLE_MODULES = YES;
				CLANG_ENABLE_OBJC_ARC = YES;
				CLANG_WARN_BOOL_CONVERSION = YES;
				CLANG_WARN_CONSTANT_CONVERSION = YES;
				CLANG_WARN_DIRECT_OBJC_ISA_USAGE = YES_ERROR;
				CLANG_WARN_DOCUMENTATION_COMMENTS = YES;
				CLANG_WARN_EMPTY_BODY = YES;
				CLANG_WARN_ENUM_CONVERSION = YES;
				CLANG_WARN_INFINITE_RECURSION = YES;
				CLANG_WARN_INT_CONVERSION = YES;
				CLANG_WARN_OBJC_ROOT_CLASS = YES_ERROR;
				CLANG_WARN_SUSPICIOUS_MOVE = YES;
				CLANG_WARN_UNREACHABLE_CODE = YES;
				CLANG_WARN__DUPLICATE_METHOD_MATCH = YES;
				"CODE_SIGN_IDENTITY[sdk=iphoneos*]" = "iPhone Developer";
				COPY_PHASE_STRIP = NO;
				DEBUG_INFORMATION_FORMAT = "dwarf-with-dsym";
				ENABLE_NS_ASSERTIONS = NO;
				ENABLE_STRICT_OBJC_MSGSEND = YES;
				GCC_C_LANGUAGE_STANDARD = gnu99;
				GCC_NO_COMMON_BLOCKS = YES;
				GCC_WARN_64_TO_32_BIT_CONVERSION = YES;
				GCC_WARN_ABOUT_RETURN_TYPE = YES_ERROR;
				GCC_WARN_UNDECLARED_SELECTOR = YES;
				GCC_WARN_UNINITIALIZED_AUTOS = YES_AGGRESSIVE;
				GCC_WARN_UNUSED_FUNCTION = YES;
				GCC_WARN_UNUSED_VARIABLE = YES;
				IPHONEOS_DEPLOYMENT_TARGET = 10.3;
				MTL_ENABLE_DEBUG_INFO = NO;
				SDKROOT = iphoneos;
				SWIFT_OPTIMIZATION_LEVEL = "-Owholemodule";
				VALIDATE_PRODUCT = YES;
			};
			name = Release;
		};
		6A37C23D1EEC2D5D002868A8 /* Debug */ = {
			isa = XCBuildConfiguration;
			baseConfigurationReference = 99039488723238468B1BCCF0 /* Pods-Swipeless.debug.xcconfig */;
			buildSettings = {
				ASSETCATALOG_COMPILER_APPICON_NAME = AppIcon;
				CODE_SIGN_ENTITLEMENTS = Swipeless/Swipeless.entitlements;
				DEVELOPMENT_TEAM = 4SB3F2S2K3;
				INFOPLIST_FILE = Swipeless/Info.plist;
				LD_RUNPATH_SEARCH_PATHS = "$(inherited) @executable_path/Frameworks";
				PRODUCT_BUNDLE_IDENTIFIER = com.silverlogic.Swipeless;
				PRODUCT_NAME = "$(TARGET_NAME)";
				SWIFT_VERSION = 3.0;
			};
			name = Debug;
		};
		6A37C23E1EEC2D5D002868A8 /* Release */ = {
			isa = XCBuildConfiguration;
			baseConfigurationReference = A34729F1C01802AF035FC58D /* Pods-Swipeless.release.xcconfig */;
			buildSettings = {
				ASSETCATALOG_COMPILER_APPICON_NAME = AppIcon;
				CODE_SIGN_ENTITLEMENTS = Swipeless/Swipeless.entitlements;
				DEVELOPMENT_TEAM = 4SB3F2S2K3;
				INFOPLIST_FILE = Swipeless/Info.plist;
				LD_RUNPATH_SEARCH_PATHS = "$(inherited) @executable_path/Frameworks";
				PRODUCT_BUNDLE_IDENTIFIER = com.silverlogic.Swipeless;
				PRODUCT_NAME = "$(TARGET_NAME)";
				SWIFT_VERSION = 3.0;
			};
			name = Release;
		};
		6A37C2401EEC2D5D002868A8 /* Debug */ = {
			isa = XCBuildConfiguration;
			baseConfigurationReference = EE8AA47E871BF37C68B99BA0 /* Pods-SwipelessTests.debug.xcconfig */;
			buildSettings = {
				ALWAYS_EMBED_SWIFT_STANDARD_LIBRARIES = YES;
				BUNDLE_LOADER = "$(TEST_HOST)";
				DEVELOPMENT_TEAM = 4SB3F2S2K3;
				INFOPLIST_FILE = SwipelessTests/Info.plist;
				LD_RUNPATH_SEARCH_PATHS = "$(inherited) @executable_path/Frameworks @loader_path/Frameworks";
				PRODUCT_BUNDLE_IDENTIFIER = com.silverlogic.SwipelessTests;
				PRODUCT_NAME = "$(TARGET_NAME)";
				SWIFT_VERSION = 3.0;
				TEST_HOST = "$(BUILT_PRODUCTS_DIR)/Swipeless.app/Swipeless";
			};
			name = Debug;
		};
		6A37C2411EEC2D5D002868A8 /* Release */ = {
			isa = XCBuildConfiguration;
			baseConfigurationReference = 3266B6F96BA36D2E053150F8 /* Pods-SwipelessTests.release.xcconfig */;
			buildSettings = {
				ALWAYS_EMBED_SWIFT_STANDARD_LIBRARIES = YES;
				BUNDLE_LOADER = "$(TEST_HOST)";
				DEVELOPMENT_TEAM = 4SB3F2S2K3;
				INFOPLIST_FILE = SwipelessTests/Info.plist;
				LD_RUNPATH_SEARCH_PATHS = "$(inherited) @executable_path/Frameworks @loader_path/Frameworks";
				PRODUCT_BUNDLE_IDENTIFIER = com.silverlogic.SwipelessTests;
				PRODUCT_NAME = "$(TARGET_NAME)";
				SWIFT_VERSION = 3.0;
				TEST_HOST = "$(BUILT_PRODUCTS_DIR)/Swipeless.app/Swipeless";
			};
			name = Release;
		};
/* End XCBuildConfiguration section */

/* Begin XCConfigurationList section */
		6A37C2171EEC2D5D002868A8 /* Build configuration list for PBXProject "Swipeless" */ = {
			isa = XCConfigurationList;
			buildConfigurations = (
				6A37C23A1EEC2D5D002868A8 /* Debug */,
				6A37C23B1EEC2D5D002868A8 /* Release */,
			);
			defaultConfigurationIsVisible = 0;
			defaultConfigurationName = Release;
		};
		6A37C23C1EEC2D5D002868A8 /* Build configuration list for PBXNativeTarget "Swipeless" */ = {
			isa = XCConfigurationList;
			buildConfigurations = (
				6A37C23D1EEC2D5D002868A8 /* Debug */,
				6A37C23E1EEC2D5D002868A8 /* Release */,
			);
			defaultConfigurationIsVisible = 0;
			defaultConfigurationName = Release;
		};
		6A37C23F1EEC2D5D002868A8 /* Build configuration list for PBXNativeTarget "SwipelessTests" */ = {
			isa = XCConfigurationList;
			buildConfigurations = (
				6A37C2401EEC2D5D002868A8 /* Debug */,
				6A37C2411EEC2D5D002868A8 /* Release */,
			);
			defaultConfigurationIsVisible = 0;
			defaultConfigurationName = Release;
		};
/* End XCConfigurationList section */

/* Begin XCVersionGroup section */
		6A37C2261EEC2D5D002868A8 /* Swipeless.xcdatamodeld */ = {
			isa = XCVersionGroup;
			children = (
				6A37C2271EEC2D5D002868A8 /* Swipeless.xcdatamodel */,
			);
			currentVersion = 6A37C2271EEC2D5D002868A8 /* Swipeless.xcdatamodel */;
			path = Swipeless.xcdatamodeld;
			sourceTree = "<group>";
			versionGroupType = wrapper.xcdatamodel;
		};
/* End XCVersionGroup section */
	};
	rootObject = 6A37C2141EEC2D5D002868A8 /* Project object */;
}
